
Microsoft Visual Studio Solution File, Format Version 12.00
# Visual Studio 2012
Project("{FAE04EC0-301F-11D3-BF4B-00C04F79EFBC}") = "TimeZones.WinRT", "TimeZones.WinRT\TimeZones.WinRT.csproj", "{2B1D6F9F-33DB-4450-81F4-9BD19EFECF90}"
EndProject
Project("{FAE04EC0-301F-11D3-BF4B-00C04F79EFBC}") = "TimeZones.WinRT.Tests", "TimeZones.WinRT.Tests\TimeZones.WinRT.Tests.csproj", "{4C5D9FB0-5422-4B38-94F4-E8E7737B986B}"
EndProject
Project("{2150E333-8FDC-42A3-9474-1A3956D46DE8}") = ".nuget", ".nuget", "{BA2CA012-8D3B-4381-8779-3F5630061E85}"
	ProjectSection(SolutionItems) = preProject
		.nuget\NuGet.Config = .nuget\NuGet.Config
		.nuget\NuGet.exe = .nuget\NuGet.exe
		.nuget\NuGet.targets = .nuget\NuGet.targets
	EndProjectSection
EndProject
Project("{FAE04EC0-301F-11D3-BF4B-00C04F79EFBC}") = "TimeZones", "TimeZones\TimeZones.csproj", "{76BA4996-A03A-481B-8871-CAEE1D268A42}"
EndProject
Project("{FAE04EC0-301F-11D3-BF4B-00C04F79EFBC}") = "TimeZones.NetFx", "TimeZones.NetFx\TimeZones.NetFx.csproj", "{A39FC3B3-685B-48EB-BABC-44670F9D59DA}"
EndProject
Project("{FAE04EC0-301F-11D3-BF4B-00C04F79EFBC}") = "TimeZones.NetFx.Tests", "TimeZones.NetFx.Tests\TimeZones.NetFx.Tests.csproj", "{E2D36F47-1D46-48A3-8269-E6134F22C9F9}"
EndProject
Project("{2150E333-8FDC-42A3-9474-1A3956D46DE8}") = "Tests", "Tests", "{BD58347C-6AE7-417C-A4C0-6075ACFBDD9F}"
EndProject
Project("{FAE04EC0-301F-11D3-BF4B-00C04F79EFBC}") = "TimeZones.WinRTPcl.Tests", "TimeZones.WinRTPcl.Tests\TimeZones.WinRTPcl.Tests.csproj", "{210D6F5D-7F42-4059-8F61-9195468D738D}"
EndProject
Project("{FAE04EC0-301F-11D3-BF4B-00C04F79EFBC}") = "TimeZones.NetCore", "TimeZones.NetCore\TimeZones.NetCore.csproj", "{5EC417F5-FB26-4F6D-978F-4AF79EF268AF}"
EndProject
Project("{FAE04EC0-301F-11D3-BF4B-00C04F79EFBC}") = "Phone8Tests", "Phone8Tests\Phone8Tests.csproj", "{A406173F-8D88-4F6C-AC00-F73F379D3F8F}"
EndProject
Project("{FAE04EC0-301F-11D3-BF4B-00C04F79EFBC}") = "TimeZones.WP8", "TimeZones.WP8\TimeZones.WP8.csproj", "{E7346BB7-4241-439E-A718-A6C6AE2369C2}"
EndProject
Project("{8BC9CEB8-8B4A-11D0-8D11-00A0C91BC942}") = "TimeZones.WP8.Native", "TimeZones.WP8.Native\TimeZones.WP8.Native.vcxproj", "{B7FAA254-8228-4C24-B5EA-C1A611524037}"
EndProject
Global
	GlobalSection(SolutionConfigurationPlatforms) = preSolution
		Debug|Any CPU = Debug|Any CPU
		Debug|ARM = Debug|ARM
		Debug|Mixed Platforms = Debug|Mixed Platforms
		Debug|Win32 = Debug|Win32
		Debug|x64 = Debug|x64
		Debug|x86 = Debug|x86
		Release|Any CPU = Release|Any CPU
		Release|ARM = Release|ARM
		Release|Mixed Platforms = Release|Mixed Platforms
		Release|Win32 = Release|Win32
		Release|x64 = Release|x64
		Release|x86 = Release|x86
	EndGlobalSection
	GlobalSection(ProjectConfigurationPlatforms) = postSolution
		{2B1D6F9F-33DB-4450-81F4-9BD19EFECF90}.Debug|Any CPU.ActiveCfg = Debug|Any CPU
		{2B1D6F9F-33DB-4450-81F4-9BD19EFECF90}.Debug|Any CPU.Build.0 = Debug|Any CPU
		{2B1D6F9F-33DB-4450-81F4-9BD19EFECF90}.Debug|ARM.ActiveCfg = Debug|ARM
		{2B1D6F9F-33DB-4450-81F4-9BD19EFECF90}.Debug|ARM.Build.0 = Debug|ARM
		{2B1D6F9F-33DB-4450-81F4-9BD19EFECF90}.Debug|Mixed Platforms.ActiveCfg = Debug|x86
		{2B1D6F9F-33DB-4450-81F4-9BD19EFECF90}.Debug|Mixed Platforms.Build.0 = Debug|x86
		{2B1D6F9F-33DB-4450-81F4-9BD19EFECF90}.Debug|Win32.ActiveCfg = Debug|x86
		{2B1D6F9F-33DB-4450-81F4-9BD19EFECF90}.Debug|Win32.Build.0 = Debug|x86
		{2B1D6F9F-33DB-4450-81F4-9BD19EFECF90}.Debug|x64.ActiveCfg = Debug|x64
		{2B1D6F9F-33DB-4450-81F4-9BD19EFECF90}.Debug|x64.Build.0 = Debug|x64
		{2B1D6F9F-33DB-4450-81F4-9BD19EFECF90}.Debug|x86.ActiveCfg = Debug|x86
		{2B1D6F9F-33DB-4450-81F4-9BD19EFECF90}.Debug|x86.Build.0 = Debug|x86
		{2B1D6F9F-33DB-4450-81F4-9BD19EFECF90}.Release|Any CPU.ActiveCfg = Release|Any CPU
		{2B1D6F9F-33DB-4450-81F4-9BD19EFECF90}.Release|Any CPU.Build.0 = Release|Any CPU
		{2B1D6F9F-33DB-4450-81F4-9BD19EFECF90}.Release|ARM.ActiveCfg = Release|ARM
		{2B1D6F9F-33DB-4450-81F4-9BD19EFECF90}.Release|ARM.Build.0 = Release|ARM
		{2B1D6F9F-33DB-4450-81F4-9BD19EFECF90}.Release|Mixed Platforms.ActiveCfg = Release|Any CPU
		{2B1D6F9F-33DB-4450-81F4-9BD19EFECF90}.Release|Mixed Platforms.Build.0 = Release|Any CPU
		{2B1D6F9F-33DB-4450-81F4-9BD19EFECF90}.Release|Win32.ActiveCfg = Release|x86
		{2B1D6F9F-33DB-4450-81F4-9BD19EFECF90}.Release|Win32.Build.0 = Release|x86
		{2B1D6F9F-33DB-4450-81F4-9BD19EFECF90}.Release|x64.ActiveCfg = Release|x64
		{2B1D6F9F-33DB-4450-81F4-9BD19EFECF90}.Release|x64.Build.0 = Release|x64
		{2B1D6F9F-33DB-4450-81F4-9BD19EFECF90}.Release|x86.ActiveCfg = Release|x86
		{2B1D6F9F-33DB-4450-81F4-9BD19EFECF90}.Release|x86.Build.0 = Release|x86
		{4C5D9FB0-5422-4B38-94F4-E8E7737B986B}.Debug|Any CPU.ActiveCfg = Debug|Any CPU
		{4C5D9FB0-5422-4B38-94F4-E8E7737B986B}.Debug|Any CPU.Build.0 = Debug|Any CPU
		{4C5D9FB0-5422-4B38-94F4-E8E7737B986B}.Debug|Any CPU.Deploy.0 = Debug|Any CPU
		{4C5D9FB0-5422-4B38-94F4-E8E7737B986B}.Debug|ARM.ActiveCfg = Debug|ARM
		{4C5D9FB0-5422-4B38-94F4-E8E7737B986B}.Debug|ARM.Build.0 = Debug|ARM
		{4C5D9FB0-5422-4B38-94F4-E8E7737B986B}.Debug|ARM.Deploy.0 = Debug|ARM
		{4C5D9FB0-5422-4B38-94F4-E8E7737B986B}.Debug|Mixed Platforms.ActiveCfg = Debug|x86
		{4C5D9FB0-5422-4B38-94F4-E8E7737B986B}.Debug|Mixed Platforms.Build.0 = Debug|x86
		{4C5D9FB0-5422-4B38-94F4-E8E7737B986B}.Debug|Mixed Platforms.Deploy.0 = Debug|x86
		{4C5D9FB0-5422-4B38-94F4-E8E7737B986B}.Debug|Win32.ActiveCfg = Debug|x86
		{4C5D9FB0-5422-4B38-94F4-E8E7737B986B}.Debug|Win32.Build.0 = Debug|x86
		{4C5D9FB0-5422-4B38-94F4-E8E7737B986B}.Debug|Win32.Deploy.0 = Debug|x86
		{4C5D9FB0-5422-4B38-94F4-E8E7737B986B}.Debug|x64.ActiveCfg = Debug|x64
		{4C5D9FB0-5422-4B38-94F4-E8E7737B986B}.Debug|x64.Build.0 = Debug|x64
		{4C5D9FB0-5422-4B38-94F4-E8E7737B986B}.Debug|x64.Deploy.0 = Debug|x64
		{4C5D9FB0-5422-4B38-94F4-E8E7737B986B}.Debug|x86.ActiveCfg = Debug|x86
		{4C5D9FB0-5422-4B38-94F4-E8E7737B986B}.Debug|x86.Build.0 = Debug|x86
		{4C5D9FB0-5422-4B38-94F4-E8E7737B986B}.Debug|x86.Deploy.0 = Debug|x86
		{4C5D9FB0-5422-4B38-94F4-E8E7737B986B}.Release|Any CPU.ActiveCfg = Release|Any CPU
		{4C5D9FB0-5422-4B38-94F4-E8E7737B986B}.Release|Any CPU.Build.0 = Release|Any CPU
		{4C5D9FB0-5422-4B38-94F4-E8E7737B986B}.Release|Any CPU.Deploy.0 = Release|Any CPU
		{4C5D9FB0-5422-4B38-94F4-E8E7737B986B}.Release|ARM.ActiveCfg = Release|ARM
		{4C5D9FB0-5422-4B38-94F4-E8E7737B986B}.Release|ARM.Build.0 = Release|ARM
		{4C5D9FB0-5422-4B38-94F4-E8E7737B986B}.Release|ARM.Deploy.0 = Release|ARM
		{4C5D9FB0-5422-4B38-94F4-E8E7737B986B}.Release|Mixed Platforms.ActiveCfg = Release|x86
		{4C5D9FB0-5422-4B38-94F4-E8E7737B986B}.Release|Mixed Platforms.Build.0 = Release|x86
		{4C5D9FB0-5422-4B38-94F4-E8E7737B986B}.Release|Mixed Platforms.Deploy.0 = Release|x86
		{4C5D9FB0-5422-4B38-94F4-E8E7737B986B}.Release|Win32.ActiveCfg = Release|x86
		{4C5D9FB0-5422-4B38-94F4-E8E7737B986B}.Release|Win32.Build.0 = Release|x86
		{4C5D9FB0-5422-4B38-94F4-E8E7737B986B}.Release|Win32.Deploy.0 = Release|x86
		{4C5D9FB0-5422-4B38-94F4-E8E7737B986B}.Release|x64.ActiveCfg = Release|x64
		{4C5D9FB0-5422-4B38-94F4-E8E7737B986B}.Release|x64.Build.0 = Release|x64
		{4C5D9FB0-5422-4B38-94F4-E8E7737B986B}.Release|x64.Deploy.0 = Release|x64
		{4C5D9FB0-5422-4B38-94F4-E8E7737B986B}.Release|x86.ActiveCfg = Release|x86
		{4C5D9FB0-5422-4B38-94F4-E8E7737B986B}.Release|x86.Build.0 = Release|x86
		{4C5D9FB0-5422-4B38-94F4-E8E7737B986B}.Release|x86.Deploy.0 = Release|x86
		{76BA4996-A03A-481B-8871-CAEE1D268A42}.Debug|Any CPU.ActiveCfg = Debug|Any CPU
		{76BA4996-A03A-481B-8871-CAEE1D268A42}.Debug|Any CPU.Build.0 = Debug|Any CPU
		{76BA4996-A03A-481B-8871-CAEE1D268A42}.Debug|ARM.ActiveCfg = Debug|Any CPU
		{76BA4996-A03A-481B-8871-CAEE1D268A42}.Debug|Mixed Platforms.ActiveCfg = Debug|Any CPU
		{76BA4996-A03A-481B-8871-CAEE1D268A42}.Debug|Mixed Platforms.Build.0 = Debug|Any CPU
		{76BA4996-A03A-481B-8871-CAEE1D268A42}.Debug|Win32.ActiveCfg = Debug|Any CPU
		{76BA4996-A03A-481B-8871-CAEE1D268A42}.Debug|x64.ActiveCfg = Debug|Any CPU
		{76BA4996-A03A-481B-8871-CAEE1D268A42}.Debug|x86.ActiveCfg = Debug|Any CPU
		{76BA4996-A03A-481B-8871-CAEE1D268A42}.Release|Any CPU.ActiveCfg = Release|Any CPU
		{76BA4996-A03A-481B-8871-CAEE1D268A42}.Release|Any CPU.Build.0 = Release|Any CPU
		{76BA4996-A03A-481B-8871-CAEE1D268A42}.Release|ARM.ActiveCfg = Release|Any CPU
		{76BA4996-A03A-481B-8871-CAEE1D268A42}.Release|Mixed Platforms.ActiveCfg = Release|Any CPU
		{76BA4996-A03A-481B-8871-CAEE1D268A42}.Release|Mixed Platforms.Build.0 = Release|Any CPU
		{76BA4996-A03A-481B-8871-CAEE1D268A42}.Release|Win32.ActiveCfg = Release|Any CPU
		{76BA4996-A03A-481B-8871-CAEE1D268A42}.Release|x64.ActiveCfg = Release|Any CPU
		{76BA4996-A03A-481B-8871-CAEE1D268A42}.Release|x86.ActiveCfg = Release|Any CPU
		{A39FC3B3-685B-48EB-BABC-44670F9D59DA}.Debug|Any CPU.ActiveCfg = Debug|Any CPU
		{A39FC3B3-685B-48EB-BABC-44670F9D59DA}.Debug|Any CPU.Build.0 = Debug|Any CPU
		{A39FC3B3-685B-48EB-BABC-44670F9D59DA}.Debug|ARM.ActiveCfg = Debug|Any CPU
		{A39FC3B3-685B-48EB-BABC-44670F9D59DA}.Debug|Mixed Platforms.ActiveCfg = Debug|Any CPU
		{A39FC3B3-685B-48EB-BABC-44670F9D59DA}.Debug|Mixed Platforms.Build.0 = Debug|Any CPU
		{A39FC3B3-685B-48EB-BABC-44670F9D59DA}.Debug|Win32.ActiveCfg = Debug|Any CPU
		{A39FC3B3-685B-48EB-BABC-44670F9D59DA}.Debug|x64.ActiveCfg = Debug|Any CPU
		{A39FC3B3-685B-48EB-BABC-44670F9D59DA}.Debug|x86.ActiveCfg = Debug|Any CPU
		{A39FC3B3-685B-48EB-BABC-44670F9D59DA}.Release|Any CPU.ActiveCfg = Release|Any CPU
		{A39FC3B3-685B-48EB-BABC-44670F9D59DA}.Release|Any CPU.Build.0 = Release|Any CPU
		{A39FC3B3-685B-48EB-BABC-44670F9D59DA}.Release|ARM.ActiveCfg = Release|Any CPU
		{A39FC3B3-685B-48EB-BABC-44670F9D59DA}.Release|Mixed Platforms.ActiveCfg = Release|Any CPU
		{A39FC3B3-685B-48EB-BABC-44670F9D59DA}.Release|Mixed Platforms.Build.0 = Release|Any CPU
		{A39FC3B3-685B-48EB-BABC-44670F9D59DA}.Release|Win32.ActiveCfg = Release|Any CPU
		{A39FC3B3-685B-48EB-BABC-44670F9D59DA}.Release|x64.ActiveCfg = Release|Any CPU
		{A39FC3B3-685B-48EB-BABC-44670F9D59DA}.Release|x86.ActiveCfg = Release|Any CPU
		{E2D36F47-1D46-48A3-8269-E6134F22C9F9}.Debug|Any CPU.ActiveCfg = Debug|Any CPU
		{E2D36F47-1D46-48A3-8269-E6134F22C9F9}.Debug|Any CPU.Build.0 = Debug|Any CPU
		{E2D36F47-1D46-48A3-8269-E6134F22C9F9}.Debug|ARM.ActiveCfg = Debug|Any CPU
		{E2D36F47-1D46-48A3-8269-E6134F22C9F9}.Debug|Mixed Platforms.ActiveCfg = Debug|Any CPU
		{E2D36F47-1D46-48A3-8269-E6134F22C9F9}.Debug|Mixed Platforms.Build.0 = Debug|Any CPU
		{E2D36F47-1D46-48A3-8269-E6134F22C9F9}.Debug|Win32.ActiveCfg = Debug|Any CPU
		{E2D36F47-1D46-48A3-8269-E6134F22C9F9}.Debug|x64.ActiveCfg = Debug|Any CPU
		{E2D36F47-1D46-48A3-8269-E6134F22C9F9}.Debug|x86.ActiveCfg = Debug|Any CPU
		{E2D36F47-1D46-48A3-8269-E6134F22C9F9}.Release|Any CPU.ActiveCfg = Release|Any CPU
		{E2D36F47-1D46-48A3-8269-E6134F22C9F9}.Release|Any CPU.Build.0 = Release|Any CPU
		{E2D36F47-1D46-48A3-8269-E6134F22C9F9}.Release|ARM.ActiveCfg = Release|Any CPU
		{E2D36F47-1D46-48A3-8269-E6134F22C9F9}.Release|Mixed Platforms.ActiveCfg = Release|Any CPU
		{E2D36F47-1D46-48A3-8269-E6134F22C9F9}.Release|Mixed Platforms.Build.0 = Release|Any CPU
		{E2D36F47-1D46-48A3-8269-E6134F22C9F9}.Release|Win32.ActiveCfg = Release|Any CPU
		{E2D36F47-1D46-48A3-8269-E6134F22C9F9}.Release|x64.ActiveCfg = Release|Any CPU
		{E2D36F47-1D46-48A3-8269-E6134F22C9F9}.Release|x86.ActiveCfg = Release|Any CPU
		{210D6F5D-7F42-4059-8F61-9195468D738D}.Debug|Any CPU.ActiveCfg = Debug|Any CPU
		{210D6F5D-7F42-4059-8F61-9195468D738D}.Debug|Any CPU.Build.0 = Debug|Any CPU
		{210D6F5D-7F42-4059-8F61-9195468D738D}.Debug|Any CPU.Deploy.0 = Debug|Any CPU
		{210D6F5D-7F42-4059-8F61-9195468D738D}.Debug|ARM.ActiveCfg = Debug|ARM
		{210D6F5D-7F42-4059-8F61-9195468D738D}.Debug|ARM.Build.0 = Debug|ARM
		{210D6F5D-7F42-4059-8F61-9195468D738D}.Debug|ARM.Deploy.0 = Debug|ARM
		{210D6F5D-7F42-4059-8F61-9195468D738D}.Debug|Mixed Platforms.ActiveCfg = Debug|x86
		{210D6F5D-7F42-4059-8F61-9195468D738D}.Debug|Mixed Platforms.Build.0 = Debug|x86
		{210D6F5D-7F42-4059-8F61-9195468D738D}.Debug|Mixed Platforms.Deploy.0 = Debug|x86
		{210D6F5D-7F42-4059-8F61-9195468D738D}.Debug|Win32.ActiveCfg = Debug|x86
		{210D6F5D-7F42-4059-8F61-9195468D738D}.Debug|Win32.Build.0 = Debug|x86
		{210D6F5D-7F42-4059-8F61-9195468D738D}.Debug|Win32.Deploy.0 = Debug|x86
		{210D6F5D-7F42-4059-8F61-9195468D738D}.Debug|x64.ActiveCfg = Debug|x64
		{210D6F5D-7F42-4059-8F61-9195468D738D}.Debug|x64.Build.0 = Debug|x64
		{210D6F5D-7F42-4059-8F61-9195468D738D}.Debug|x64.Deploy.0 = Debug|x64
		{210D6F5D-7F42-4059-8F61-9195468D738D}.Debug|x86.ActiveCfg = Debug|x86
		{210D6F5D-7F42-4059-8F61-9195468D738D}.Debug|x86.Build.0 = Debug|x86
		{210D6F5D-7F42-4059-8F61-9195468D738D}.Debug|x86.Deploy.0 = Debug|x86
		{210D6F5D-7F42-4059-8F61-9195468D738D}.Release|Any CPU.ActiveCfg = Release|Any CPU
		{210D6F5D-7F42-4059-8F61-9195468D738D}.Release|Any CPU.Build.0 = Release|Any CPU
		{210D6F5D-7F42-4059-8F61-9195468D738D}.Release|Any CPU.Deploy.0 = Release|Any CPU
		{210D6F5D-7F42-4059-8F61-9195468D738D}.Release|ARM.ActiveCfg = Release|ARM
		{210D6F5D-7F42-4059-8F61-9195468D738D}.Release|ARM.Build.0 = Release|ARM
		{210D6F5D-7F42-4059-8F61-9195468D738D}.Release|ARM.Deploy.0 = Release|ARM
		{210D6F5D-7F42-4059-8F61-9195468D738D}.Release|Mixed Platforms.ActiveCfg = Release|x86
		{210D6F5D-7F42-4059-8F61-9195468D738D}.Release|Mixed Platforms.Build.0 = Release|x86
		{210D6F5D-7F42-4059-8F61-9195468D738D}.Release|Mixed Platforms.Deploy.0 = Release|x86
		{210D6F5D-7F42-4059-8F61-9195468D738D}.Release|Win32.ActiveCfg = Release|x86
		{210D6F5D-7F42-4059-8F61-9195468D738D}.Release|Win32.Build.0 = Release|x86
		{210D6F5D-7F42-4059-8F61-9195468D738D}.Release|Win32.Deploy.0 = Release|x86
		{210D6F5D-7F42-4059-8F61-9195468D738D}.Release|x64.ActiveCfg = Release|x64
		{210D6F5D-7F42-4059-8F61-9195468D738D}.Release|x64.Build.0 = Release|x64
		{210D6F5D-7F42-4059-8F61-9195468D738D}.Release|x64.Deploy.0 = Release|x64
		{210D6F5D-7F42-4059-8F61-9195468D738D}.Release|x86.ActiveCfg = Release|x86
		{210D6F5D-7F42-4059-8F61-9195468D738D}.Release|x86.Build.0 = Release|x86
		{210D6F5D-7F42-4059-8F61-9195468D738D}.Release|x86.Deploy.0 = Release|x86
		{5EC417F5-FB26-4F6D-978F-4AF79EF268AF}.Debug|Any CPU.ActiveCfg = Debug|Any CPU
		{5EC417F5-FB26-4F6D-978F-4AF79EF268AF}.Debug|Any CPU.Build.0 = Debug|Any CPU
		{5EC417F5-FB26-4F6D-978F-4AF79EF268AF}.Debug|ARM.ActiveCfg = Debug|ARM
		{5EC417F5-FB26-4F6D-978F-4AF79EF268AF}.Debug|ARM.Build.0 = Debug|ARM
		{5EC417F5-FB26-4F6D-978F-4AF79EF268AF}.Debug|Mixed Platforms.ActiveCfg = Debug|x86
		{5EC417F5-FB26-4F6D-978F-4AF79EF268AF}.Debug|Mixed Platforms.Build.0 = Debug|x86
		{5EC417F5-FB26-4F6D-978F-4AF79EF268AF}.Debug|Win32.ActiveCfg = Debug|x86
		{5EC417F5-FB26-4F6D-978F-4AF79EF268AF}.Debug|Win32.Build.0 = Debug|x86
		{5EC417F5-FB26-4F6D-978F-4AF79EF268AF}.Debug|x64.ActiveCfg = Debug|x64
		{5EC417F5-FB26-4F6D-978F-4AF79EF268AF}.Debug|x64.Build.0 = Debug|x64
		{5EC417F5-FB26-4F6D-978F-4AF79EF268AF}.Debug|x86.ActiveCfg = Debug|x86
		{5EC417F5-FB26-4F6D-978F-4AF79EF268AF}.Debug|x86.Build.0 = Debug|x86
		{5EC417F5-FB26-4F6D-978F-4AF79EF268AF}.Release|Any CPU.ActiveCfg = Release|Any CPU
		{5EC417F5-FB26-4F6D-978F-4AF79EF268AF}.Release|Any CPU.Build.0 = Release|Any CPU
		{5EC417F5-FB26-4F6D-978F-4AF79EF268AF}.Release|ARM.ActiveCfg = Release|ARM
		{5EC417F5-FB26-4F6D-978F-4AF79EF268AF}.Release|ARM.Build.0 = Release|ARM
		{5EC417F5-FB26-4F6D-978F-4AF79EF268AF}.Release|Mixed Platforms.ActiveCfg = Release|Any CPU
		{5EC417F5-FB26-4F6D-978F-4AF79EF268AF}.Release|Mixed Platforms.Build.0 = Release|Any CPU
		{5EC417F5-FB26-4F6D-978F-4AF79EF268AF}.Release|Win32.ActiveCfg = Release|x86
		{5EC417F5-FB26-4F6D-978F-4AF79EF268AF}.Release|Win32.Build.0 = Release|x86
		{5EC417F5-FB26-4F6D-978F-4AF79EF268AF}.Release|x64.ActiveCfg = Release|x64
		{5EC417F5-FB26-4F6D-978F-4AF79EF268AF}.Release|x64.Build.0 = Release|x64
		{5EC417F5-FB26-4F6D-978F-4AF79EF268AF}.Release|x86.ActiveCfg = Release|x86
		{5EC417F5-FB26-4F6D-978F-4AF79EF268AF}.Release|x86.Build.0 = Release|x86
		{A406173F-8D88-4F6C-AC00-F73F379D3F8F}.Debug|Any CPU.ActiveCfg = Debug|Any CPU
		{A406173F-8D88-4F6C-AC00-F73F379D3F8F}.Debug|Any CPU.Build.0 = Debug|Any CPU
		{A406173F-8D88-4F6C-AC00-F73F379D3F8F}.Debug|Any CPU.Deploy.0 = Debug|Any CPU
		{A406173F-8D88-4F6C-AC00-F73F379D3F8F}.Debug|ARM.ActiveCfg = Debug|ARM
		{A406173F-8D88-4F6C-AC00-F73F379D3F8F}.Debug|ARM.Build.0 = Debug|ARM
		{A406173F-8D88-4F6C-AC00-F73F379D3F8F}.Debug|ARM.Deploy.0 = Debug|ARM
		{A406173F-8D88-4F6C-AC00-F73F379D3F8F}.Debug|Mixed Platforms.ActiveCfg = Debug|x86
		{A406173F-8D88-4F6C-AC00-F73F379D3F8F}.Debug|Mixed Platforms.Build.0 = Debug|x86
		{A406173F-8D88-4F6C-AC00-F73F379D3F8F}.Debug|Mixed Platforms.Deploy.0 = Debug|x86
		{A406173F-8D88-4F6C-AC00-F73F379D3F8F}.Debug|Win32.ActiveCfg = Debug|x86
		{A406173F-8D88-4F6C-AC00-F73F379D3F8F}.Debug|Win32.Build.0 = Debug|x86
		{A406173F-8D88-4F6C-AC00-F73F379D3F8F}.Debug|Win32.Deploy.0 = Debug|x86
		{A406173F-8D88-4F6C-AC00-F73F379D3F8F}.Debug|x64.ActiveCfg = Debug|Any CPU
		{A406173F-8D88-4F6C-AC00-F73F379D3F8F}.Debug|x86.ActiveCfg = Debug|x86
		{A406173F-8D88-4F6C-AC00-F73F379D3F8F}.Debug|x86.Build.0 = Debug|x86
		{A406173F-8D88-4F6C-AC00-F73F379D3F8F}.Debug|x86.Deploy.0 = Debug|x86
		{A406173F-8D88-4F6C-AC00-F73F379D3F8F}.Release|Any CPU.ActiveCfg = Release|Any CPU
		{A406173F-8D88-4F6C-AC00-F73F379D3F8F}.Release|Any CPU.Build.0 = Release|Any CPU
		{A406173F-8D88-4F6C-AC00-F73F379D3F8F}.Release|Any CPU.Deploy.0 = Release|Any CPU
		{A406173F-8D88-4F6C-AC00-F73F379D3F8F}.Release|ARM.ActiveCfg = Release|ARM
		{A406173F-8D88-4F6C-AC00-F73F379D3F8F}.Release|ARM.Build.0 = Release|ARM
		{A406173F-8D88-4F6C-AC00-F73F379D3F8F}.Release|ARM.Deploy.0 = Release|ARM
		{A406173F-8D88-4F6C-AC00-F73F379D3F8F}.Release|Mixed Platforms.ActiveCfg = Release|x86
		{A406173F-8D88-4F6C-AC00-F73F379D3F8F}.Release|Mixed Platforms.Build.0 = Release|x86
		{A406173F-8D88-4F6C-AC00-F73F379D3F8F}.Release|Mixed Platforms.Deploy.0 = Release|x86
		{A406173F-8D88-4F6C-AC00-F73F379D3F8F}.Release|Win32.ActiveCfg = Release|x86
		{A406173F-8D88-4F6C-AC00-F73F379D3F8F}.Release|Win32.Build.0 = Release|x86
		{A406173F-8D88-4F6C-AC00-F73F379D3F8F}.Release|Win32.Deploy.0 = Release|x86
		{A406173F-8D88-4F6C-AC00-F73F379D3F8F}.Release|x64.ActiveCfg = Release|Any CPU
		{A406173F-8D88-4F6C-AC00-F73F379D3F8F}.Release|x86.ActiveCfg = Release|x86
		{A406173F-8D88-4F6C-AC00-F73F379D3F8F}.Release|x86.Build.0 = Release|x86
		{A406173F-8D88-4F6C-AC00-F73F379D3F8F}.Release|x86.Deploy.0 = Release|x86
		{E7346BB7-4241-439E-A718-A6C6AE2369C2}.Debug|Any CPU.ActiveCfg = Debug|Any CPU
		{E7346BB7-4241-439E-A718-A6C6AE2369C2}.Debug|Any CPU.Build.0 = Debug|Any CPU
		{E7346BB7-4241-439E-A718-A6C6AE2369C2}.Debug|ARM.ActiveCfg = Debug|ARM
		{E7346BB7-4241-439E-A718-A6C6AE2369C2}.Debug|ARM.Build.0 = Debug|ARM
		{E7346BB7-4241-439E-A718-A6C6AE2369C2}.Debug|Mixed Platforms.ActiveCfg = Debug|x86
		{E7346BB7-4241-439E-A718-A6C6AE2369C2}.Debug|Mixed Platforms.Build.0 = Debug|x86
		{E7346BB7-4241-439E-A718-A6C6AE2369C2}.Debug|Win32.ActiveCfg = Debug|x86
		{E7346BB7-4241-439E-A718-A6C6AE2369C2}.Debug|Win32.Build.0 = Debug|x86
		{E7346BB7-4241-439E-A718-A6C6AE2369C2}.Debug|x64.ActiveCfg = Debug|Any CPU
		{E7346BB7-4241-439E-A718-A6C6AE2369C2}.Debug|x86.ActiveCfg = Debug|x86
		{E7346BB7-4241-439E-A718-A6C6AE2369C2}.Debug|x86.Build.0 = Debug|x86
		{E7346BB7-4241-439E-A718-A6C6AE2369C2}.Release|Any CPU.ActiveCfg = Release|Any CPU
		{E7346BB7-4241-439E-A718-A6C6AE2369C2}.Release|Any CPU.Build.0 = Release|Any CPU
		{E7346BB7-4241-439E-A718-A6C6AE2369C2}.Release|ARM.ActiveCfg = Release|ARM
		{E7346BB7-4241-439E-A718-A6C6AE2369C2}.Release|ARM.Build.0 = Release|ARM
		{E7346BB7-4241-439E-A718-A6C6AE2369C2}.Release|Mixed Platforms.ActiveCfg = Release|x86
		{E7346BB7-4241-439E-A718-A6C6AE2369C2}.Release|Mixed Platforms.Build.0 = Release|x86
		{E7346BB7-4241-439E-A718-A6C6AE2369C2}.Release|Win32.ActiveCfg = Release|x86
		{E7346BB7-4241-439E-A718-A6C6AE2369C2}.Release|Win32.Build.0 = Release|x86
		{E7346BB7-4241-439E-A718-A6C6AE2369C2}.Release|x64.ActiveCfg = Release|Any CPU
		{E7346BB7-4241-439E-A718-A6C6AE2369C2}.Release|x86.ActiveCfg = Release|x86
		{E7346BB7-4241-439E-A718-A6C6AE2369C2}.Release|x86.Build.0 = Release|x86
		{B7FAA254-8228-4C24-B5EA-C1A611524037}.Debug|Any CPU.ActiveCfg = Debug|Win32
		{B7FAA254-8228-4C24-B5EA-C1A611524037}.Debug|ARM.ActiveCfg = Debug|ARM
		{B7FAA254-8228-4C24-B5EA-C1A611524037}.Debug|ARM.Build.0 = Debug|ARM
		{B7FAA254-8228-4C24-B5EA-C1A611524037}.Debug|Mixed Platforms.ActiveCfg = Debug|Win32
		{B7FAA254-8228-4C24-B5EA-C1A611524037}.Debug|Mixed Platforms.Build.0 = Debug|Win32
		{B7FAA254-8228-4C24-B5EA-C1A611524037}.Debug|Win32.ActiveCfg = Debug|Win32
		{B7FAA254-8228-4C24-B5EA-C1A611524037}.Debug|Win32.Build.0 = Debug|Win32
		{B7FAA254-8228-4C24-B5EA-C1A611524037}.Debug|x64.ActiveCfg = Debug|Win32
		{B7FAA254-8228-4C24-B5EA-C1A611524037}.Debug|x86.ActiveCfg = Debug|Win32
		{B7FAA254-8228-4C24-B5EA-C1A611524037}.Debug|x86.Build.0 = Debug|Win32
		{B7FAA254-8228-4C24-B5EA-C1A611524037}.Release|Any CPU.ActiveCfg = Release|Win32
		{B7FAA254-8228-4C24-B5EA-C1A611524037}.Release|ARM.ActiveCfg = Release|ARM
		{B7FAA254-8228-4C24-B5EA-C1A611524037}.Release|ARM.Build.0 = Release|ARM
		{B7FAA254-8228-4C24-B5EA-C1A611524037}.Release|Mixed Platforms.ActiveCfg = Release|Win32
		{B7FAA254-8228-4C24-B5EA-C1A611524037}.Release|Mixed Platforms.Build.0 = Release|Win32
		{B7FAA254-8228-4C24-B5EA-C1A611524037}.Release|Win32.ActiveCfg = Release|Win32
		{B7FAA254-8228-4C24-B5EA-C1A611524037}.Release|Win32.Build.0 = Release|Win32
		{B7FAA254-8228-4C24-B5EA-C1A611524037}.Release|x64.ActiveCfg = Release|Win32
		{B7FAA254-8228-4C24-B5EA-C1A611524037}.Release|x86.ActiveCfg = Release|Win32
		{B7FAA254-8228-4C24-B5EA-C1A611524037}.Release|x86.Build.0 = Release|Win32
	EndGlobalSection
	GlobalSection(SolutionProperties) = preSolution
		HideSolutionNode = FALSE
	EndGlobalSection
	GlobalSection(NestedProjects) = preSolution
		{E2D36F47-1D46-48A3-8269-E6134F22C9F9} = {BD58347C-6AE7-417C-A4C0-6075ACFBDD9F}
		{4C5D9FB0-5422-4B38-94F4-E8E7737B986B} = {BD58347C-6AE7-417C-A4C0-6075ACFBDD9F}
		{210D6F5D-7F42-4059-8F61-9195468D738D} = {BD58347C-6AE7-417C-A4C0-6075ACFBDD9F}
		{A406173F-8D88-4F6C-AC00-F73F379D3F8F} = {BD58347C-6AE7-417C-A4C0-6075ACFBDD9F}
	EndGlobalSection
EndGlobal
